
Microsoft Visual Studio Solution File, Format Version 12.00
# Visual Studio Version 16
VisualStudioVersion = 16.0.30907.101
MinimumVisualStudioVersion = 10.0.40219.1
Project("{8BC9CEB8-8B4A-11D0-8D11-00A0C91BC942}") = "ImageProcessing", "ImageProcessing\ImageProcessing.vcxproj", "{E333CF12-929D-45AE-A209-3D5C78550395}"
EndProject
Global
	GlobalSection(SolutionConfigurationPlatforms) = preSolution
		Debug|x64 = Debug|x64
		Debug|x86 = Debug|x86
		Release|x64 = Release|x64
		Release|x86 = Release|x86
	EndGlobalSection
	GlobalSection(ProjectConfigurationPlatforms) = postSolution
		{E333CF12-929D-45AE-A209-3D5C78550395}.Debug|x64.ActiveCfg = Debug|x64
		{E333CF12-929D-45AE-A209-3D5C78550395}.Debug|x64.Build.0 = Debug|x64
		{E333CF12-929D-45AE-A209-3D5C78550395}.Debug|x86.ActiveCfg = Debug|Win32
		{E333CF12-929D-45AE-A209-3D5C78550395}.Debug|x86.Build.0 = Debug|Win32
		{E333CF12-929D-45AE-A209-3D5C78550395}.Release|x64.ActiveCfg = Release|x64
		{E333CF12-929D-45AE-A209-3D5C78550395}.Release|x64.Build.0 = Release|x64
		{E333CF12-929D-45AE-A209-3D5C78550395}.Release|x86.ActiveCfg = Release|Win32
		{E333CF12-929D-45AE-A209-3D5C78550395}.Release|x86.Build.0 = Release|Win32
	EndGlobalSection
	GlobalSection(SolutionProperties) = preSolution
		HideSolutionNode = FALSE
	EndGlobalSection
	GlobalSection(ExtensibilityGlobals) = postSolution
		SolutionGuid = {41496EA6-F67E-43F5-82B0-1ED6ED79A076}
	EndGlobalSection
EndGlobal
